
Microsoft Visual Studio Solution File, Format Version 12.00
# Visual Studio 15
VisualStudioVersion = 15.0.27130.2026
MinimumVisualStudioVersion = 10.0.40219.1
Project("{FAE04EC0-301F-11D3-BF4B-00C04F79EFBC}") = "ToolSets", "ToolSets\ToolSets.csproj", "{AA179A75-194C-4AB6-9CCA-64B0D03C3BC2}"
EndProject
Project("{FAE04EC0-301F-11D3-BF4B-00C04F79EFBC}") = "TextureProcess", "TextureProcess\TextureProcess.csproj", "{9115428C-3241-4EA9-B2A9-E691B2D6A6FF}"
EndProject
Project("{FAE04EC0-301F-11D3-BF4B-00C04F79EFBC}") = "ToolSetsCore", "ToolSetsCore\ToolSetsCore.csproj", "{5C7919CD-A2B5-4073-8E3A-323362FE34A9}"
EndProject
Project("{FAE04EC0-301F-11D3-BF4B-00C04F79EFBC}") = "ChineseNameCoding", "ChineseNameCoding\ChineseNameCoding.csproj", "{F9261108-272C-49A2-928B-7AEC03B51091}"
EndProject
Project("{FAE04EC0-301F-11D3-BF4B-00C04F79EFBC}") = "Chinese2Pinyin", "Chinese2Pinyin\Chinese2Pinyin.csproj", "{2406E615-8BE0-4E2D-A328-3CDEBC268115}"
EndProject
Project("{2150E333-8FDC-42A3-9474-1A3956D46DE8}") = "ChineseConverter", "ChineseConverter", "{A88731B5-99B2-4555-A0BC-8A73DA68F919}"
EndProject
Project("{FAE04EC0-301F-11D3-BF4B-00C04F79EFBC}") = "CameraEquipment", "CameraEquipment\CameraEquipment.csproj", "{15A54644-63F2-4C0F-B2AE-76E50A950B2B}"
EndProject
Project("{FAE04EC0-301F-11D3-BF4B-00C04F79EFBC}") = "ExcelConverter", "ExcelConverter\ExcelConverter.csproj", "{896C4C50-EBA6-49B0-90A7-10E9CE1ECB63}"
EndProject
Project("{FAE04EC0-301F-11D3-BF4B-00C04F79EFBC}") = "UdpTester", "UdpTester\UdpTester.csproj", "{B81FC1BE-45C7-40CC-A6AA-5D0CD131A14D}"
EndProject
Project("{FAE04EC0-301F-11D3-BF4B-00C04F79EFBC}") = "SOHO3Q_Alaram", "SOHO3Q_Alaram\SOHO3Q_Alaram.csproj", "{7093F23C-0658-42C6-8427-B2172A4F1C37}"
EndProject
Project("{FAE04EC0-301F-11D3-BF4B-00C04F79EFBC}") = "SohoCheckSum", "SohoCheckSum\SohoCheckSum.csproj", "{2C127321-231C-42FE-8527-096049E57E89}"
EndProject
Global
	GlobalSection(SolutionConfigurationPlatforms) = preSolution
		Debug|Any CPU = Debug|Any CPU
		Release|Any CPU = Release|Any CPU
	EndGlobalSection
	GlobalSection(ProjectConfigurationPlatforms) = postSolution
		{AA179A75-194C-4AB6-9CCA-64B0D03C3BC2}.Debug|Any CPU.ActiveCfg = Debug|Any CPU
		{AA179A75-194C-4AB6-9CCA-64B0D03C3BC2}.Debug|Any CPU.Build.0 = Debug|Any CPU
		{AA179A75-194C-4AB6-9CCA-64B0D03C3BC2}.Release|Any CPU.ActiveCfg = Release|Any CPU
		{AA179A75-194C-4AB6-9CCA-64B0D03C3BC2}.Release|Any CPU.Build.0 = Release|Any CPU
		{9115428C-3241-4EA9-B2A9-E691B2D6A6FF}.Debug|Any CPU.ActiveCfg = Debug|Any CPU
		{9115428C-3241-4EA9-B2A9-E691B2D6A6FF}.Debug|Any CPU.Build.0 = Debug|Any CPU
		{9115428C-3241-4EA9-B2A9-E691B2D6A6FF}.Release|Any CPU.ActiveCfg = Release|Any CPU
		{9115428C-3241-4EA9-B2A9-E691B2D6A6FF}.Release|Any CPU.Build.0 = Release|Any CPU
		{5C7919CD-A2B5-4073-8E3A-323362FE34A9}.Debug|Any CPU.ActiveCfg = Debug|Any CPU
		{5C7919CD-A2B5-4073-8E3A-323362FE34A9}.Debug|Any CPU.Build.0 = Debug|Any CPU
		{5C7919CD-A2B5-4073-8E3A-323362FE34A9}.Release|Any CPU.ActiveCfg = Release|Any CPU
		{5C7919CD-A2B5-4073-8E3A-323362FE34A9}.Release|Any CPU.Build.0 = Release|Any CPU
		{F9261108-272C-49A2-928B-7AEC03B51091}.Debug|Any CPU.ActiveCfg = Debug|Any CPU
		{F9261108-272C-49A2-928B-7AEC03B51091}.Debug|Any CPU.Build.0 = Debug|Any CPU
		{F9261108-272C-49A2-928B-7AEC03B51091}.Release|Any CPU.ActiveCfg = Release|Any CPU
		{F9261108-272C-49A2-928B-7AEC03B51091}.Release|Any CPU.Build.0 = Release|Any CPU
		{2406E615-8BE0-4E2D-A328-3CDEBC268115}.Debug|Any CPU.ActiveCfg = Debug|Any CPU
		{2406E615-8BE0-4E2D-A328-3CDEBC268115}.Debug|Any CPU.Build.0 = Debug|Any CPU
		{2406E615-8BE0-4E2D-A328-3CDEBC268115}.Release|Any CPU.ActiveCfg = Release|Any CPU
		{2406E615-8BE0-4E2D-A328-3CDEBC268115}.Release|Any CPU.Build.0 = Release|Any CPU
		{15A54644-63F2-4C0F-B2AE-76E50A950B2B}.Debug|Any CPU.ActiveCfg = Debug|Any CPU
		{15A54644-63F2-4C0F-B2AE-76E50A950B2B}.Debug|Any CPU.Build.0 = Debug|Any CPU
		{15A54644-63F2-4C0F-B2AE-76E50A950B2B}.Release|Any CPU.ActiveCfg = Release|Any CPU
		{15A54644-63F2-4C0F-B2AE-76E50A950B2B}.Release|Any CPU.Build.0 = Release|Any CPU
		{896C4C50-EBA6-49B0-90A7-10E9CE1ECB63}.Debug|Any CPU.ActiveCfg = Debug|Any CPU
		{896C4C50-EBA6-49B0-90A7-10E9CE1ECB63}.Debug|Any CPU.Build.0 = Debug|Any CPU
		{896C4C50-EBA6-49B0-90A7-10E9CE1ECB63}.Release|Any CPU.ActiveCfg = Release|Any CPU
		{896C4C50-EBA6-49B0-90A7-10E9CE1ECB63}.Release|Any CPU.Build.0 = Release|Any CPU
		{B81FC1BE-45C7-40CC-A6AA-5D0CD131A14D}.Debug|Any CPU.ActiveCfg = Debug|Any CPU
		{B81FC1BE-45C7-40CC-A6AA-5D0CD131A14D}.Debug|Any CPU.Build.0 = Debug|Any CPU
		{B81FC1BE-45C7-40CC-A6AA-5D0CD131A14D}.Release|Any CPU.ActiveCfg = Release|Any CPU
		{B81FC1BE-45C7-40CC-A6AA-5D0CD131A14D}.Release|Any CPU.Build.0 = Release|Any CPU
		{7093F23C-0658-42C6-8427-B2172A4F1C37}.Debug|Any CPU.ActiveCfg = Debug|Any CPU
		{7093F23C-0658-42C6-8427-B2172A4F1C37}.Debug|Any CPU.Build.0 = Debug|Any CPU
		{7093F23C-0658-42C6-8427-B2172A4F1C37}.Release|Any CPU.ActiveCfg = Release|Any CPU
		{7093F23C-0658-42C6-8427-B2172A4F1C37}.Release|Any CPU.Build.0 = Release|Any CPU
		{2C127321-231C-42FE-8527-096049E57E89}.Debug|Any CPU.ActiveCfg = Debug|Any CPU
		{2C127321-231C-42FE-8527-096049E57E89}.Debug|Any CPU.Build.0 = Debug|Any CPU
		{2C127321-231C-42FE-8527-096049E57E89}.Release|Any CPU.ActiveCfg = Release|Any CPU
		{2C127321-231C-42FE-8527-096049E57E89}.Release|Any CPU.Build.0 = Release|Any CPU
	EndGlobalSection
	GlobalSection(SolutionProperties) = preSolution
		HideSolutionNode = FALSE
	EndGlobalSection
	GlobalSection(NestedProjects) = preSolution
		{F9261108-272C-49A2-928B-7AEC03B51091} = {A88731B5-99B2-4555-A0BC-8A73DA68F919}
		{2406E615-8BE0-4E2D-A328-3CDEBC268115} = {A88731B5-99B2-4555-A0BC-8A73DA68F919}
	EndGlobalSection
	GlobalSection(ExtensibilityGlobals) = postSolution
		SolutionGuid = {725EDB35-5FD5-4802-84DF-95D71084B816}
	EndGlobalSection
EndGlobal
